
Microsoft Visual Studio Solution File, Format Version 12.00
# Visual Studio Version 17
VisualStudioVersion = 17.5.002.0
MinimumVisualStudioVersion = 10.0.40219.1
Project("{9A19103F-16F7-4668-BE54-9A1E7A4F7556}") = "MultiShop.IdentityServer", "MultiShop.IdentityServer\MultiShop.IdentityServer.csproj", "{794D076E-EE32-47C3-A445-A73E0827FE5C}"
EndProject
Global
	GlobalSection(SolutionConfigurationPlatforms) = preSolution
		Debug|Any CPU = Debug|Any CPU
		Release|Any CPU = Release|Any CPU
	EndGlobalSection
	GlobalSection(ProjectConfigurationPlatforms) = postSolution
		{794D076E-EE32-47C3-A445-A73E0827FE5C}.Debug|Any CPU.ActiveCfg = Debug|Any CPU
		{794D076E-EE32-47C3-A445-A73E0827FE5C}.Debug|Any CPU.Build.0 = Debug|Any CPU
		{794D076E-EE32-47C3-A445-A73E0827FE5C}.Release|Any CPU.ActiveCfg = Release|Any CPU
		{794D076E-EE32-47C3-A445-A73E0827FE5C}.Release|Any CPU.Build.0 = Release|Any CPU
	EndGlobalSection
	GlobalSection(SolutionProperties) = preSolution
		HideSolutionNode = FALSE
	EndGlobalSection
	GlobalSection(ExtensibilityGlobals) = postSolution
		SolutionGuid = {844FB9B7-83D0-4E80-8677-A818E4442A43}
	EndGlobalSection
EndGlobal
