
Microsoft Visual Studio Solution File, Format Version 12.00
# Visual Studio Version 17
VisualStudioVersion = 17.5.002.0
MinimumVisualStudioVersion = 10.0.40219.1
Project("{9A19103F-16F7-4668-BE54-9A1E7A4F7556}") = "MultiShop.Order.Application", "MultiShop.Order.Application.csproj", "{DD833B81-B7BD-44DD-8F58-C10A691ED628}"
EndProject
Global
	GlobalSection(SolutionConfigurationPlatforms) = preSolution
		Debug|Any CPU = Debug|Any CPU
		Release|Any CPU = Release|Any CPU
	EndGlobalSection
	GlobalSection(ProjectConfigurationPlatforms) = postSolution
		{DD833B81-B7BD-44DD-8F58-C10A691ED628}.Debug|Any CPU.ActiveCfg = Debug|Any CPU
		{DD833B81-B7BD-44DD-8F58-C10A691ED628}.Debug|Any CPU.Build.0 = Debug|Any CPU
		{DD833B81-B7BD-44DD-8F58-C10A691ED628}.Release|Any CPU.ActiveCfg = Release|Any CPU
		{DD833B81-B7BD-44DD-8F58-C10A691ED628}.Release|Any CPU.Build.0 = Release|Any CPU
	EndGlobalSection
	GlobalSection(SolutionProperties) = preSolution
		HideSolutionNode = FALSE
	EndGlobalSection
	GlobalSection(ExtensibilityGlobals) = postSolution
		SolutionGuid = {C9A1F129-DD7E-4FE9-844E-DB8E77FB81E1}
	EndGlobalSection
EndGlobal
