
Microsoft Visual Studio Solution File, Format Version 12.00
# Visual Studio Version 17
VisualStudioVersion = 17.5.002.0
MinimumVisualStudioVersion = 10.0.40219.1
Project("{9A19103F-16F7-4668-BE54-9A1E7A4F7556}") = "MultiShop.Order.Domain", "MultiShop.Order.Domain\MultiShop.Order.Domain.csproj", "{DFF24E8D-16A8-401A-90C8-9CEF0CF9BD86}"
EndProject
Global
	GlobalSection(SolutionConfigurationPlatforms) = preSolution
		Debug|Any CPU = Debug|Any CPU
		Release|Any CPU = Release|Any CPU
	EndGlobalSection
	GlobalSection(ProjectConfigurationPlatforms) = postSolution
		{DFF24E8D-16A8-401A-90C8-9CEF0CF9BD86}.Debug|Any CPU.ActiveCfg = Debug|Any CPU
		{DFF24E8D-16A8-401A-90C8-9CEF0CF9BD86}.Debug|Any CPU.Build.0 = Debug|Any CPU
		{DFF24E8D-16A8-401A-90C8-9CEF0CF9BD86}.Release|Any CPU.ActiveCfg = Release|Any CPU
		{DFF24E8D-16A8-401A-90C8-9CEF0CF9BD86}.Release|Any CPU.Build.0 = Release|Any CPU
	EndGlobalSection
	GlobalSection(SolutionProperties) = preSolution
		HideSolutionNode = FALSE
	EndGlobalSection
	GlobalSection(ExtensibilityGlobals) = postSolution
		SolutionGuid = {43F53E75-2457-4E95-8F25-46A716A72979}
	EndGlobalSection
EndGlobal
